
Microsoft Visual Studio Solution File, Format Version 12.00
# Visual Studio Version 17
VisualStudioVersion = 17.11.35208.52
MinimumVisualStudioVersion = 10.0.40219.1
Project("{9A19103F-16F7-4668-BE54-9A1E7A4F7556}") = "FAClient", "FAClient\FAClient.csproj", "{AD130B9A-F661-4B86-802F-92FDF176BF7A}"
EndProject
Project("{9A19103F-16F7-4668-BE54-9A1E7A4F7556}") = "TestProject", "TestProject\TestProject.csproj", "{89A56567-F11E-4B27-BBF7-13EB4229CD35}"
EndProject
Global
	GlobalSection(SolutionConfigurationPlatforms) = preSolution
		Debug|Any CPU = Debug|Any CPU
		Release|Any CPU = Release|Any CPU
	EndGlobalSection
	GlobalSection(ProjectConfigurationPlatforms) = postSolution
		{AD130B9A-F661-4B86-802F-92FDF176BF7A}.Debug|Any CPU.ActiveCfg = Debug|Any CPU
		{AD130B9A-F661-4B86-802F-92FDF176BF7A}.Debug|Any CPU.Build.0 = Debug|Any CPU
		{AD130B9A-F661-4B86-802F-92FDF176BF7A}.Release|Any CPU.ActiveCfg = Release|Any CPU
		{AD130B9A-F661-4B86-802F-92FDF176BF7A}.Release|Any CPU.Build.0 = Release|Any CPU
		{89A56567-F11E-4B27-BBF7-13EB4229CD35}.Debug|Any CPU.ActiveCfg = Debug|Any CPU
		{89A56567-F11E-4B27-BBF7-13EB4229CD35}.Debug|Any CPU.Build.0 = Debug|Any CPU
		{89A56567-F11E-4B27-BBF7-13EB4229CD35}.Release|Any CPU.ActiveCfg = Release|Any CPU
		{89A56567-F11E-4B27-BBF7-13EB4229CD35}.Release|Any CPU.Build.0 = Release|Any CPU
	EndGlobalSection
	GlobalSection(SolutionProperties) = preSolution
		HideSolutionNode = FALSE
	EndGlobalSection
	GlobalSection(ExtensibilityGlobals) = postSolution
		SolutionGuid = {52D71D33-9C99-4554-B92B-027564E94D07}
	EndGlobalSection
EndGlobal
